
Microsoft Visual Studio Solution File, Format Version 12.00
# Visual Studio Version 17
VisualStudioVersion = 17.0.31903.59
MinimumVisualStudioVersion = 10.0.40219.1
Project("{2150E333-8FDC-42A3-9474-1A3956D46DE8}") = "server", "server", "{DAD03CFC-D5FA-AC94-41C7-9ABAB326F09E}"
EndProject
Project("{FAE04EC0-301F-11D3-BF4B-00C04F79EFBC}") = "StudyPlanner.Api", "server\StudyPlanner.Api\StudyPlanner.Api.csproj", "{BC213818-4803-4910-9B05-CE6D27042276}"
EndProject
Project("{2150E333-8FDC-42A3-9474-1A3956D46DE8}") = "tests", "tests", "{0AB3BF05-4346-4AA6-1389-037BE0695223}"
EndProject
Project("{FAE04EC0-301F-11D3-BF4B-00C04F79EFBC}") = "StudyPlanner.Checks", "tests\StudyPlanner.Checks\StudyPlanner.Checks.csproj", "{AC397C6D-8109-43B3-9831-3F8ED6FAD321}"
EndProject
Global
	GlobalSection(SolutionConfigurationPlatforms) = preSolution
		Debug|Any CPU = Debug|Any CPU
		Debug|x64 = Debug|x64
		Debug|x86 = Debug|x86
		Release|Any CPU = Release|Any CPU
		Release|x64 = Release|x64
		Release|x86 = Release|x86
	EndGlobalSection
	GlobalSection(ProjectConfigurationPlatforms) = postSolution
		{BC213818-4803-4910-9B05-CE6D27042276}.Debug|Any CPU.ActiveCfg = Debug|Any CPU
		{BC213818-4803-4910-9B05-CE6D27042276}.Debug|Any CPU.Build.0 = Debug|Any CPU
		{BC213818-4803-4910-9B05-CE6D27042276}.Debug|x64.ActiveCfg = Debug|Any CPU
		{BC213818-4803-4910-9B05-CE6D27042276}.Debug|x64.Build.0 = Debug|Any CPU
		{BC213818-4803-4910-9B05-CE6D27042276}.Debug|x86.ActiveCfg = Debug|Any CPU
		{BC213818-4803-4910-9B05-CE6D27042276}.Debug|x86.Build.0 = Debug|Any CPU
		{BC213818-4803-4910-9B05-CE6D27042276}.Release|Any CPU.ActiveCfg = Release|Any CPU
		{BC213818-4803-4910-9B05-CE6D27042276}.Release|Any CPU.Build.0 = Release|Any CPU
		{BC213818-4803-4910-9B05-CE6D27042276}.Release|x64.ActiveCfg = Release|Any CPU
		{BC213818-4803-4910-9B05-CE6D27042276}.Release|x64.Build.0 = Release|Any CPU
		{BC213818-4803-4910-9B05-CE6D27042276}.Release|x86.ActiveCfg = Release|Any CPU
		{BC213818-4803-4910-9B05-CE6D27042276}.Release|x86.Build.0 = Release|Any CPU
		{AC397C6D-8109-43B3-9831-3F8ED6FAD321}.Debug|Any CPU.ActiveCfg = Debug|Any CPU
		{AC397C6D-8109-43B3-9831-3F8ED6FAD321}.Debug|Any CPU.Build.0 = Debug|Any CPU
		{AC397C6D-8109-43B3-9831-3F8ED6FAD321}.Debug|x64.ActiveCfg = Debug|Any CPU
		{AC397C6D-8109-43B3-9831-3F8ED6FAD321}.Debug|x64.Build.0 = Debug|Any CPU
		{AC397C6D-8109-43B3-9831-3F8ED6FAD321}.Debug|x86.ActiveCfg = Debug|Any CPU
		{AC397C6D-8109-43B3-9831-3F8ED6FAD321}.Debug|x86.Build.0 = Debug|Any CPU
		{AC397C6D-8109-43B3-9831-3F8ED6FAD321}.Release|Any CPU.ActiveCfg = Release|Any CPU
		{AC397C6D-8109-43B3-9831-3F8ED6FAD321}.Release|Any CPU.Build.0 = Release|Any CPU
		{AC397C6D-8109-43B3-9831-3F8ED6FAD321}.Release|x64.ActiveCfg = Release|Any CPU
		{AC397C6D-8109-43B3-9831-3F8ED6FAD321}.Release|x64.Build.0 = Release|Any CPU
		{AC397C6D-8109-43B3-9831-3F8ED6FAD321}.Release|x86.ActiveCfg = Release|Any CPU
		{AC397C6D-8109-43B3-9831-3F8ED6FAD321}.Release|x86.Build.0 = Release|Any CPU
	EndGlobalSection
	GlobalSection(SolutionProperties) = preSolution
		HideSolutionNode = FALSE
	EndGlobalSection
	GlobalSection(NestedProjects) = preSolution
		{BC213818-4803-4910-9B05-CE6D27042276} = {DAD03CFC-D5FA-AC94-41C7-9ABAB326F09E}
		{AC397C6D-8109-43B3-9831-3F8ED6FAD321} = {0AB3BF05-4346-4AA6-1389-037BE0695223}
	EndGlobalSection
EndGlobal
